
Microsoft Visual Studio Solution File, Format Version 12.00
# Visual Studio Version 16
VisualStudioVersion = 16.0.30413.136
MinimumVisualStudioVersion = 10.0.40219.1
Project("{FAE04EC0-301F-11D3-BF4B-00C04F79EFBC}") = "Ef core", "Ef core\Ef core.csproj", "{B4D1C2A1-96E0-4917-9299-98E0327BDBFB}"
EndProject
Global
	GlobalSection(SolutionConfigurationPlatforms) = preSolution
		Debug|Any CPU = Debug|Any CPU
		Release|Any CPU = Release|Any CPU
	EndGlobalSection
	GlobalSection(ProjectConfigurationPlatforms) = postSolution
		{B4D1C2A1-96E0-4917-9299-98E0327BDBFB}.Debug|Any CPU.ActiveCfg = Debug|Any CPU
		{B4D1C2A1-96E0-4917-9299-98E0327BDBFB}.Debug|Any CPU.Build.0 = Debug|Any CPU
		{B4D1C2A1-96E0-4917-9299-98E0327BDBFB}.Release|Any CPU.ActiveCfg = Release|Any CPU
		{B4D1C2A1-96E0-4917-9299-98E0327BDBFB}.Release|Any CPU.Build.0 = Release|Any CPU
	EndGlobalSection
	GlobalSection(SolutionProperties) = preSolution
		HideSolutionNode = FALSE
	EndGlobalSection
	GlobalSection(ExtensibilityGlobals) = postSolution
		SolutionGuid = {1CAA48E8-1438-4C3A-8476-B5B444998CF5}
	EndGlobalSection
EndGlobal
